// !$*UTF8*$!
{
	archiveVersion = 1;
	classes = {
	};
	objectVersion = 51;
	objects = {

/* Begin PBXBuildFile section */
		1F2727512446906C002388C6 /* AppDelegate.swift in Sources */ = {isa = PBXBuildFile; fileRef = 1F2727502446906C002388C6 /* AppDelegate.swift */; };
		1F2727552446906C002388C6 /* ViewController.swift in Sources */ = {isa = PBXBuildFile; fileRef = 1F2727542446906C002388C6 /* ViewController.swift */; };
		1F27275A2446906F002388C6 /* Assets.xcassets in Resources */ = {isa = PBXBuildFile; fileRef = 1F2727592446906F002388C6 /* Assets.xcassets */; };
		1F27275D2446906F002388C6 /* LaunchScreen.storyboard in Resources */ = {isa = PBXBuildFile; fileRef = 1F27275B2446906F002388C6 /* LaunchScreen.storyboard */; };
		1F27276624469280002388C6 /* ImageCollectionCell.swift in Sources */ = {isa = PBXBuildFile; fileRef = 1F27276524469280002388C6 /* ImageCollectionCell.swift */; };
		1F27276824469457002388C6 /* API.swift in Sources */ = {isa = PBXBuildFile; fileRef = 1F27276724469457002388C6 /* API.swift */; };
		1F27277424469C1F002388C6 /* UIImageView+Extension.swift in Sources */ = {isa = PBXBuildFile; fileRef = 1F27277324469C1F002388C6 /* UIImageView+Extension.swift */; };
		41ACD243A5A8A3894E64A50E /* Pods_InterviewTask.framework in Frameworks */ = {isa = PBXBuildFile; fileRef = F91B709EC154B4F72230300A /* Pods_InterviewTask.framework */; };
		B7868BE52449CCCB00B437F2 /* task in Resources */ = {isa = PBXBuildFile; fileRef = B7868BE42449CCCB00B437F2 /* task */; };
		B7868BE72449CF8400B437F2 /* Podfile in Resources */ = {isa = PBXBuildFile; fileRef = B7868BE62449CF8300B437F2 /* Podfile */; };
/* End PBXBuildFile section */

/* Begin PBXFileReference section */
		1F27274D2446906C002388C6 /* InterviewTask.app */ = {isa = PBXFileReference; explicitFileType = wrapper.application; includeInIndex = 0; path = InterviewTask.app; sourceTree = BUILT_PRODUCTS_DIR; };
		1F2727502446906C002388C6 /* AppDelegate.swift */ = {isa = PBXFileReference; lastKnownFileType = sourcecode.swift; path = AppDelegate.swift; sourceTree = "<group>"; };
		1F2727542446906C002388C6 /* ViewController.swift */ = {isa = PBXFileReference; lastKnownFileType = sourcecode.swift; path = ViewController.swift; sourceTree = "<group>"; };
		1F2727592446906F002388C6 /* Assets.xcassets */ = {isa = PBXFileReference; lastKnownFileType = folder.assetcatalog; path = Assets.xcassets; sourceTree = "<group>"; };
		1F27275C2446906F002388C6 /* Base */ = {isa = PBXFileReference; lastKnownFileType = file.storyboard; name = Base; path = Base.lproj/LaunchScreen.storyboard; sourceTree = "<group>"; };
		1F27275E2446906F002388C6 /* Info.plist */ = {isa = PBXFileReference; lastKnownFileType = text.plist.xml; path = Info.plist; sourceTree = "<group>"; };
		1F27276524469280002388C6 /* ImageCollectionCell.swift */ = {isa = PBXFileReference; lastKnownFileType = sourcecode.swift; path = ImageCollectionCell.swift; sourceTree = "<group>"; };
		1F27276724469457002388C6 /* API.swift */ = {isa = PBXFileReference; lastKnownFileType = sourcecode.swift; path = API.swift; sourceTree = "<group>"; };
		1F27277324469C1F002388C6 /* UIImageView+Extension.swift */ = {isa = PBXFileReference; lastKnownFileType = sourcecode.swift; path = "UIImageView+Extension.swift"; sourceTree = "<group>"; };
		3CD6EC0EBEF9D30C20418976 /* Pods-InterviewTask.debug.xcconfig */ = {isa = PBXFileReference; includeInIndex = 1; lastKnownFileType = text.xcconfig; name = "Pods-InterviewTask.debug.xcconfig"; path = "Target Support Files/Pods-InterviewTask/Pods-InterviewTask.debug.xcconfig"; sourceTree = "<group>"; };
		969D546CEE8E29173465B13C /* Pods-InterviewTask.release.xcconfig */ = {isa = PBXFileReference; includeInIndex = 1; lastKnownFileType = text.xcconfig; name = "Pods-InterviewTask.release.xcconfig"; path = "Target Support Files/Pods-InterviewTask/Pods-InterviewTask.release.xcconfig"; sourceTree = "<group>"; };
		B7868BE42449CCCB00B437F2 /* task */ = {isa = PBXFileReference; lastKnownFileType = text; path = task; sourceTree = "<group>"; };
		B7868BE62449CF8300B437F2 /* Podfile */ = {isa = PBXFileReference; fileEncoding = 4; lastKnownFileType = text; path = Podfile; sourceTree = "<group>"; xcLanguageSpecificationIdentifier = xcode.lang.ruby; };
		F91B709EC154B4F72230300A /* Pods_InterviewTask.framework */ = {isa = PBXFileReference; explicitFileType = wrapper.framework; includeInIndex = 0; path = Pods_InterviewTask.framework; sourceTree = BUILT_PRODUCTS_DIR; };
/* End PBXFileReference section */

/* Begin PBXFrameworksBuildPhase section */
		1F27274A2446906C002388C6 /* Frameworks */ = {
			isa = PBXFrameworksBuildPhase;
			buildActionMask = 2147483647;
			files = (
				41ACD243A5A8A3894E64A50E /* Pods_InterviewTask.framework in Frameworks */,
			);
			runOnlyForDeploymentPostprocessing = 0;
		};
/* End PBXFrameworksBuildPhase section */

/* Begin PBXGroup section */
		188282ECBF9DEFBB0CAAAE45 /* Pods */ = {
			isa = PBXGroup;
			children = (
				3CD6EC0EBEF9D30C20418976 /* Pods-InterviewTask.debug.xcconfig */,
				969D546CEE8E29173465B13C /* Pods-InterviewTask.release.xcconfig */,
			);
			path = Pods;
			sourceTree = "<group>";
		};
		1F2727442446906C002388C6 = {
			isa = PBXGroup;
			children = (
				B7868BE62449CF8300B437F2 /* Podfile */,
				B7868BE42449CCCB00B437F2 /* task */,
				1F27274F2446906C002388C6 /* InterviewTask */,
				1F27274E2446906C002388C6 /* Products */,
				188282ECBF9DEFBB0CAAAE45 /* Pods */,
				DC0A02A97632598DCF424F3B /* Frameworks */,
			);
			sourceTree = "<group>";
		};
		1F27274E2446906C002388C6 /* Products */ = {
			isa = PBXGroup;
			children = (
				1F27274D2446906C002388C6 /* InterviewTask.app */,
			);
			name = Products;
			sourceTree = "<group>";
		};
		1F27274F2446906C002388C6 /* InterviewTask */ = {
			isa = PBXGroup;
			children = (
				1F2727502446906C002388C6 /* AppDelegate.swift */,
				1F27277224469BE0002388C6 /* Extension */,
				1F27276E244698ED002388C6 /* Module */,
				1F272769244694C6002388C6 /* Resources */,
			);
			path = InterviewTask;
			sourceTree = "<group>";
		};
		1F2727642446926B002388C6 /* View */ = {
			isa = PBXGroup;
			children = (
				1F27276524469280002388C6 /* ImageCollectionCell.swift */,
			);
			path = View;
			sourceTree = "<group>";
		};
		1F272769244694C6002388C6 /* Resources */ = {
			isa = PBXGroup;
			children = (
				1F27276F24469907002388C6 /* Constants */,
				1F2727592446906F002388C6 /* Assets.xcassets */,
				1F27275B2446906F002388C6 /* LaunchScreen.storyboard */,
				1F27275E2446906F002388C6 /* Info.plist */,
			);
			path = Resources;
			sourceTree = "<group>";
		};
		1F27276E244698ED002388C6 /* Module */ = {
			isa = PBXGroup;
			children = (
				1F2727642446926B002388C6 /* View */,
				1F2727542446906C002388C6 /* ViewController.swift */,
			);
			path = Module;
			sourceTree = "<group>";
		};
		1F27276F24469907002388C6 /* Constants */ = {
			isa = PBXGroup;
			children = (
				1F27276724469457002388C6 /* API.swift */,
			);
			path = Constants;
			sourceTree = "<group>";
		};
		1F27277224469BE0002388C6 /* Extension */ = {
			isa = PBXGroup;
			children = (
				1F27277324469C1F002388C6 /* UIImageView+Extension.swift */,
			);
			path = Extension;
			sourceTree = "<group>";
		};
		DC0A02A97632598DCF424F3B /* Frameworks */ = {
			isa = PBXGroup;
			children = (
				F91B709EC154B4F72230300A /* Pods_InterviewTask.framework */,
			);
			name = Frameworks;
			sourceTree = "<group>";
		};
/* End PBXGroup section */

/* Begin PBXNativeTarget section */
		1F27274C2446906C002388C6 /* InterviewTask */ = {
			isa = PBXNativeTarget;
			buildConfigurationList = 1F2727612446906F002388C6 /* Build configuration list for PBXNativeTarget "InterviewTask" */;
			buildPhases = (
				47DA9B04776F947700F87B46 /* [CP] Check Pods Manifest.lock */,
				1F2727492446906C002388C6 /* Sources */,
				1F27274A2446906C002388C6 /* Frameworks */,
				1F27274B2446906C002388C6 /* Resources */,
				0C6F63A33128E55F25F6E328 /* [CP] Embed Pods Frameworks */,
			);
			buildRules = (
			);
			dependencies = (
			);
			name = InterviewTask;
			productName = InterviewTask;
			productReference = 1F27274D2446906C002388C6 /* InterviewTask.app */;
			productType = "com.apple.product-type.application";
		};
/* End PBXNativeTarget section */

/* Begin PBXProject section */
		1F2727452446906C002388C6 /* Project object */ = {
			isa = PBXProject;
			attributes = {
				LastSwiftUpdateCheck = 1140;
				LastUpgradeCheck = 1140;
				ORGANIZATIONNAME = "Yeskendir Salgara";
				TargetAttributes = {
					1F27274C2446906C002388C6 = {
						CreatedOnToolsVersion = 11.4;
					};
				};
			};
			buildConfigurationList = 1F2727482446906C002388C6 /* Build configuration list for PBXProject "InterviewTask" */;
			compatibilityVersion = "Xcode 9.3";
			developmentRegion = en;
			hasScannedForEncodings = 0;
			knownRegions = (
				en,
				Base,
			);
			mainGroup = 1F2727442446906C002388C6;
			productRefGroup = 1F27274E2446906C002388C6 /* Products */;
			projectDirPath = "";
			projectRoot = "";
			targets = (
				1F27274C2446906C002388C6 /* InterviewTask */,
			);
		};
/* End PBXProject section */

/* Begin PBXResourcesBuildPhase section */
		1F27274B2446906C002388C6 /* Resources */ = {
			isa = PBXResourcesBuildPhase;
			buildActionMask = 2147483647;
			files = (
				B7868BE52449CCCB00B437F2 /* task in Resources */,
				1F27275D2446906F002388C6 /* LaunchScreen.storyboard in Resources */,
				B7868BE72449CF8400B437F2 /* Podfile in Resources */,
				1F27275A2446906F002388C6 /* Assets.xcassets in Resources */,
			);
			runOnlyForDeploymentPostprocessing = 0;
		};
/* End PBXResourcesBuildPhase section */

/* Begin PBXShellScriptBuildPhase section */
		0C6F63A33128E55F25F6E328 /* [CP] Embed Pods Frameworks */ = {
			isa = PBXShellScriptBuildPhase;
			buildActionMask = 2147483647;
			files = (
			);
			inputFileListPaths = (
				"${PODS_ROOT}/Target Support Files/Pods-InterviewTask/Pods-InterviewTask-frameworks-${CONFIGURATION}-input-files.xcfilelist",
			);
			name = "[CP] Embed Pods Frameworks";
			outputFileListPaths = (
				"${PODS_ROOT}/Target Support Files/Pods-InterviewTask/Pods-InterviewTask-frameworks-${CONFIGURATION}-output-files.xcfilelist",
			);
			runOnlyForDeploymentPostprocessing = 0;
			shellPath = /bin/sh;
			shellScript = "\"${PODS_ROOT}/Target Support Files/Pods-InterviewTask/Pods-InterviewTask-frameworks.sh\"\n";
			showEnvVarsInLog = 0;
		};
		47DA9B04776F947700F87B46 /* [CP] Check Pods Manifest.lock */ = {
			isa = PBXShellScriptBuildPhase;
			buildActionMask = 2147483647;
			files = (
			);
			inputFileListPaths = (
			);
			inputPaths = (
				"${PODS_PODFILE_DIR_PATH}/Podfile.lock",
				"${PODS_ROOT}/Manifest.lock",
			);
			name = "[CP] Check Pods Manifest.lock";
			outputFileListPaths = (
			);
			outputPaths = (
				"$(DERIVED_FILE_DIR)/Pods-InterviewTask-checkManifestLockResult.txt",
			);
			runOnlyForDeploymentPostprocessing = 0;
			shellPath = /bin/sh;
			shellScript = "diff \"${PODS_PODFILE_DIR_PATH}/Podfile.lock\" \"${PODS_ROOT}/Manifest.lock\" > /dev/null\nif [ $? != 0 ] ; then\n    # print error to STDERR\n    echo \"error: The sandbox is not in sync with the Podfile.lock. Run 'pod install' or update your CocoaPods installation.\" >&2\n    exit 1\nfi\n# This output is used by Xcode 'outputs' to avoid re-running this script phase.\necho \"SUCCESS\" > \"${SCRIPT_OUTPUT_FILE_0}\"\n";
			showEnvVarsInLog = 0;
		};
/* End PBXShellScriptBuildPhase section */

/* Begin PBXSourcesBuildPhase section */
		1F2727492446906C002388C6 /* Sources */ = {
			isa = PBXSourcesBuildPhase;
			buildActionMask = 2147483647;
			files = (
				1F27276624469280002388C6 /* ImageCollectionCell.swift in Sources */,
				1F2727552446906C002388C6 /* ViewController.swift in Sources */,
				1F27277424469C1F002388C6 /* UIImageView+Extension.swift in Sources */,
				1F2727512446906C002388C6 /* AppDelegate.swift in Sources */,
				1F27276824469457002388C6 /* API.swift in Sources */,
			);
			runOnlyForDeploymentPostprocessing = 0;
		};
/* End PBXSourcesBuildPhase section */

/* Begin PBXVariantGroup section */
		1F27275B2446906F002388C6 /* LaunchScreen.storyboard */ = {
			isa = PBXVariantGroup;
			children = (
				1F27275C2446906F002388C6 /* Base */,
			);
			name = LaunchScreen.storyboard;
			sourceTree = "<group>";
		};
/* End PBXVariantGroup section */

/* Begin XCBuildConfiguration section */
		1F27275F2446906F002388C6 /* Debug */ = {
			isa = XCBuildConfiguration;
			buildSettings = {
				ALWAYS_SEARCH_USER_PATHS = NO;
				CLANG_ANALYZER_NONNULL = YES;
				CLANG_ANALYZER_NUMBER_OBJECT_CONVERSION = YES_AGGRESSIVE;
				CLANG_CXX_LANGUAGE_STANDARD = "gnu++14";
				CLANG_CXX_LIBRARY = "libc++";
				CLANG_ENABLE_MODULES = YES;
				CLANG_ENABLE_OBJC_ARC = YES;
				CLANG_ENABLE_OBJC_WEAK = YES;
				CLANG_WARN_BLOCK_CAPTURE_AUTORELEASING = YES;
				CLANG_WARN_BOOL_CONVERSION = YES;
				CLANG_WARN_COMMA = YES;
				CLANG_WARN_CONSTANT_CONVERSION = YES;
				CLANG_WARN_DEPRECATED_OBJC_IMPLEMENTATIONS = YES;
				CLANG_WARN_DIRECT_OBJC_ISA_USAGE = YES_ERROR;
				CLANG_WARN_DOCUMENTATION_COMMENTS = YES;
				CLANG_WARN_EMPTY_BODY = YES;
				CLANG_WARN_ENUM_CONVERSION = YES;
				CLANG_WARN_INFINITE_RECURSION = YES;
				CLANG_WARN_INT_CONVERSION = YES;
				CLANG_WARN_NON_LITERAL_NULL_CONVERSION = YES;
				CLANG_WARN_OBJC_IMPLICIT_RETAIN_SELF = YES;
				CLANG_WARN_OBJC_LITERAL_CONVERSION = YES;
				CLANG_WARN_OBJC_ROOT_CLASS = YES_ERROR;
				CLANG_WARN_RANGE_LOOP_ANALYSIS = YES;
				CLANG_WARN_STRICT_PROTOTYPES = YES;
				CLANG_WARN_SUSPICIOUS_MOVE = YES;
				CLANG_WARN_UNGUARDED_AVAILABILITY = YES_AGGRESSIVE;
				CLANG_WARN_UNREACHABLE_CODE = YES;
				CLANG_WARN__DUPLICATE_METHOD_MATCH = YES;
				COPY_PHASE_STRIP = NO;
				DEBUG_INFORMATION_FORMAT = dwarf;
				ENABLE_STRICT_OBJC_MSGSEND = YES;
				ENABLE_TESTABILITY = YES;
				GCC_C_LANGUAGE_STANDARD = gnu11;
				GCC_DYNAMIC_NO_PIC = NO;
				GCC_NO_COMMON_BLOCKS = YES;
				GCC_OPTIMIZATION_LEVEL = 0;
				GCC_PREPROCESSOR_DEFINITIONS = (
					"DEBUG=1",
					"$(inherited)",
				);
				GCC_WARN_64_TO_32_BIT_CONVERSION = YES;
				GCC_WARN_ABOUT_RETURN_TYPE = YES_ERROR;
				GCC_WARN_UNDECLARED_SELECTOR = YES;
				GCC_WARN_UNINITIALIZED_AUTOS = YES_AGGRESSIVE;
				GCC_WARN_UNUSED_FUNCTION = YES;
				GCC_WARN_UNUSED_VARIABLE = YES;
				IPHONEOS_DEPLOYMENT_TARGET = 13.4;
				MTL_ENABLE_DEBUG_INFO = INCLUDE_SOURCE;
				MTL_FAST_MATH = YES;
				ONLY_ACTIVE_ARCH = YES;
				SDKROOT = iphoneos;
				SWIFT_ACTIVE_COMPILATION_CONDITIONS = DEBUG;
				SWIFT_OPTIMIZATION_LEVEL = "-Onone";
			};
			name = Debug;
		};
		1F2727602446906F002388C6 /* Release */ = {
			isa = XCBuildConfiguration;
			buildSettings = {
				ALWAYS_SEARCH_USER_PATHS = NO;
				CLANG_ANALYZER_NONNULL = YES;
				CLANG_ANALYZER_NUMBER_OBJECT_CONVERSION = YES_AGGRESSIVE;
				CLANG_CXX_LANGUAGE_STANDARD = "gnu++14";
				CLANG_CXX_LIBRARY = "libc++";
				CLANG_ENABLE_MODULES = YES;
				CLANG_ENABLE_OBJC_ARC = YES;
				CLANG_ENABLE_OBJC_WEAK = YES;
				CLANG_WARN_BLOCK_CAPTURE_AUTORELEASING = YES;
				CLANG_WARN_BOOL_CONVERSION = YES;
				CLANG_WARN_COMMA = YES;
				CLANG_WARN_CONSTANT_CONVERSION = YES;
				CLANG_WARN_DEPRECATED_OBJC_IMPLEMENTATIONS = YES;
				CLANG_WARN_DIRECT_OBJC_ISA_USAGE = YES_ERROR;
				CLANG_WARN_DOCUMENTATION_COMMENTS = YES;
				CLANG_WARN_EMPTY_BODY = YES;
				CLANG_WARN_ENUM_CONVERSION = YES;
				CLANG_WARN_INFINITE_RECURSION = YES;
				CLANG_WARN_INT_CONVERSION = YES;
				CLANG_WARN_NON_LITERAL_NULL_CONVERSION = YES;
				CLANG_WARN_OBJC_IMPLICIT_RETAIN_SELF = YES;
				CLANG_WARN_OBJC_LITERAL_CONVERSION = YES;
				CLANG_WARN_OBJC_ROOT_CLASS = YES_ERROR;
				CLANG_WARN_RANGE_LOOP_ANALYSIS = YES;
				CLANG_WARN_STRICT_PROTOTYPES = YES;
				CLANG_WARN_SUSPICIOUS_MOVE = YES;
				CLANG_WARN_UNGUARDED_AVAILABILITY = YES_AGGRESSIVE;
				CLANG_WARN_UNREACHABLE_CODE = YES;
				CLANG_WARN__DUPLICATE_METHOD_MATCH = YES;
				COPY_PHASE_STRIP = NO;
				DEBUG_INFORMATION_FORMAT = "dwarf-with-dsym";
				ENABLE_NS_ASSERTIONS = NO;
				ENABLE_STRICT_OBJC_MSGSEND = YES;
				GCC_C_LANGUAGE_STANDARD = gnu11;
				GCC_NO_COMMON_BLOCKS = YES;
				GCC_WARN_64_TO_32_BIT_CONVERSION = YES;
				GCC_WARN_ABOUT_RETURN_TYPE = YES_ERROR;
				GCC_WARN_UNDECLARED_SELECTOR = YES;
				GCC_WARN_UNINITIALIZED_AUTOS = YES_AGGRESSIVE;
				GCC_WARN_UNUSED_FUNCTION = YES;
				GCC_WARN_UNUSED_VARIABLE = YES;
				IPHONEOS_DEPLOYMENT_TARGET = 13.4;
				MTL_ENABLE_DEBUG_INFO = NO;
				MTL_FAST_MATH = YES;
				SDKROOT = iphoneos;
				SWIFT_COMPILATION_MODE = wholemodule;
				SWIFT_OPTIMIZATION_LEVEL = "-O";
				VALIDATE_PRODUCT = YES;
			};
			name = Release;
		};
		1F2727622446906F002388C6 /* Debug */ = {
			isa = XCBuildConfiguration;
			baseConfigurationReference = 3CD6EC0EBEF9D30C20418976 /* Pods-InterviewTask.debug.xcconfig */;
			buildSettings = {
				ASSETCATALOG_COMPILER_APPICON_NAME = AppIcon;
				CODE_SIGN_STYLE = Automatic;
				DEVELOPMENT_TEAM = FT7ZNMJMWK;
				INFOPLIST_FILE = InterviewTask/Resources/Info.plist;
				LD_RUNPATH_SEARCH_PATHS = (
					"$(inherited)",
					"@executable_path/Frameworks",
				);
				PRODUCT_BUNDLE_IDENTIFIER = salgara.InterviewTask.iOSnick;
				PRODUCT_NAME = "$(TARGET_NAME)";
				SWIFT_VERSION = 5.0;
				TARGETED_DEVICE_FAMILY = "1,2";
			};
			name = Debug;
		};
		1F2727632446906F002388C6 /* Release */ = {
			isa = XCBuildConfiguration;
			baseConfigurationReference = 969D546CEE8E29173465B13C /* Pods-InterviewTask.release.xcconfig */;
			buildSettings = {
				ASSETCATALOG_COMPILER_APPICON_NAME = AppIcon;
				CODE_SIGN_STYLE = Automatic;
				DEVELOPMENT_TEAM = FT7ZNMJMWK;
				INFOPLIST_FILE = InterviewTask/Resources/Info.plist;
				LD_RUNPATH_SEARCH_PATHS = (
					"$(inherited)",
					"@executable_path/Frameworks",
				);
				PRODUCT_BUNDLE_IDENTIFIER = salgara.InterviewTask.iOSnick;
				PRODUCT_NAME = "$(TARGET_NAME)";
				SWIFT_VERSION = 5.0;
				TARGETED_DEVICE_FAMILY = "1,2";
			};
			name = Release;
		};
/* End XCBuildConfiguration section */

/* Begin XCConfigurationList section */
		1F2727482446906C002388C6 /* Build configuration list for PBXProject "InterviewTask" */ = {
			isa = XCConfigurationList;
			buildConfigurations = (
				1F27275F2446906F002388C6 /* Debug */,
				1F2727602446906F002388C6 /* Release */,
			);
			defaultConfigurationIsVisible = 0;
			defaultConfigurationName = Release;
		};
		1F2727612446906F002388C6 /* Build configuration list for PBXNativeTarget "InterviewTask" */ = {
			isa = XCConfigurationList;
			buildConfigurations = (
				1F2727622446906F002388C6 /* Debug */,
				1F2727632446906F002388C6 /* Release */,
			);
			defaultConfigurationIsVisible = 0;
			defaultConfigurationName = Release;
		};
/* End XCConfigurationList section */
	};
	rootObject = 1F2727452446906C002388C6 /* Project object */;
}
